
Microsoft Visual Studio Solution File, Format Version 12.00
Project("{FAE04EC0-301F-11D3-BF4B-00C04F79EFBC}") = "Furball.Vixie", "Furball.Vixie\Furball.Vixie.csproj", "{B26173AB-FF1A-4A9C-928C-BEEDFFD23873}"
EndProject
Project("{FAE04EC0-301F-11D3-BF4B-00C04F79EFBC}") = "Furball.Vixie.TestApplication", "Furball.Vixie.TestApplication\Furball.Vixie.TestApplication.csproj", "{FA630295-D563-47E7-BCE3-2DE649714A95}"
EndProject
Project("{2150E333-8FDC-42A3-9474-1A3956D46DE8}") = "Backends", "Backends", "{50CF14F8-1B19-4836-8967-CDC52EC11CE3}"
EndProject
Project("{FAE04EC0-301F-11D3-BF4B-00C04F79EFBC}") = "Furball.Vixie.Backends.Direct3D11", "Furball.Vixie.Backends.Direct3D11\Furball.Vixie.Backends.Direct3D11.csproj", "{61E80C93-3ACB-4576-8B0C-F7FD016959C9}"
EndProject
Project("{FAE04EC0-301F-11D3-BF4B-00C04F79EFBC}") = "Furball.Vixie.Backends.Veldrid", "Furball.Vixie.Backends.Veldrid\Furball.Vixie.Backends.Veldrid.csproj", "{5B0FC76D-3E27-4699-B72A-B924F1E5345E}"
EndProject
Project("{FAE04EC0-301F-11D3-BF4B-00C04F79EFBC}") = "Furball.Vixie.Helpers", "Furball.Vixie.Helpers\Furball.Vixie.Helpers.csproj", "{FF0CA7D5-5822-43EB-8B9D-4AD55C079C82}"
EndProject
Project("{FAE04EC0-301F-11D3-BF4B-00C04F79EFBC}") = "Furball.Vixie.Backends.Shared", "Furball.Vixie.Backends.Shared\Furball.Vixie.Backends.Shared.csproj", "{5E988E3F-8EF4-4D53-83B7-E055294FF042}"
EndProject
Project("{FAE04EC0-301F-11D3-BF4B-00C04F79EFBC}") = "Furball.Vixie.OpenGLDetector", "Furball.Vixie.OpenGLDetector\Furball.Vixie.OpenGLDetector.csproj", "{FE29BF6C-E9C4-4117-90BD-302D434B8DCF}"
EndProject
Project("{FAE04EC0-301F-11D3-BF4B-00C04F79EFBC}") = "Furball.Vixie.OpenGLDetector.Test", "Furball.Vixie.OpenGLDetector.Test\Furball.Vixie.OpenGLDetector.Test.csproj", "{914277E3-BAF3-4EAA-9C6C-3F70D72FDE36}"
EndProject
Project("{FAE04EC0-301F-11D3-BF4B-00C04F79EFBC}") = "Furball.Vixie.Backends.Vulkan", "Furball.Vixie.Backends.Vulkan\Furball.Vixie.Backends.Vulkan.csproj", "{2B42F0AA-6FDA-4253-B57D-58E157C08485}"
EndProject
Project("{FAE04EC0-301F-11D3-BF4B-00C04F79EFBC}") = "Furball.Vixie.TestApplication.Desktop", "Furball.Vixie.TestApplication.Desktop\Furball.Vixie.TestApplication.Desktop.csproj", "{83595407-9751-4175-8AED-099362C5220A}"
EndProject
Project("{FAE04EC0-301F-11D3-BF4B-00C04F79EFBC}") = "Furball.Vixie.Backends.OpenGL", "Furball.Vixie.Backends.OpenGL\Furball.Vixie.Backends.OpenGL.csproj", "{F2FEEDB6-901E-4623-AF93-6A74E1F95A86}"
EndProject
Project("{FAE04EC0-301F-11D3-BF4B-00C04F79EFBC}") = "Furball.Vixie.Backends.Dummy", "Furball.Vixie.Backends.Dummy\Furball.Vixie.Backends.Dummy.csproj", "{F5B8333B-11DB-43F4-8372-6599A53282F7}"
EndProject
Project("{FAE04EC0-301F-11D3-BF4B-00C04F79EFBC}") = "Furball.Vixie.TestApplication.Headless", "Furball.Vixie.TestApplication.Headless\Furball.Vixie.TestApplication.Headless.csproj", "{1173DA09-C512-4218-9B49-E390FD2769F9}"
EndProject
Project("{2150E333-8FDC-42A3-9474-1A3956D46DE8}") = "Dependencies", "Dependencies", "{42DA04B0-54A0-47AB-97FF-F525749CBC8D}"
EndProject
Project("{FAE04EC0-301F-11D3-BF4B-00C04F79EFBC}") = "Furball.Mola.Bindings", "Furball.Mola.Bindings\Furball.Mola.Bindings\Furball.Mola.Bindings.csproj", "{56031373-8A13-4462-8DD6-E74690A7AD3B}"
EndProject
Project("{FAE04EC0-301F-11D3-BF4B-00C04F79EFBC}") = "Furball.Vixie.Backends.Mola", "Furball.Vixie.Backends.Mola\Furball.Vixie.Backends.Mola.csproj", "{5CCAC91E-07A4-4A92-914C-D04EF3508974}"
EndProject
Global
	GlobalSection(SolutionConfigurationPlatforms) = preSolution
		Debug|Any CPU = Debug|Any CPU
		Release|Any CPU = Release|Any CPU
		DebugWithGL|Any CPU = DebugWithGL|Any CPU
	EndGlobalSection
	GlobalSection(ProjectConfigurationPlatforms) = postSolution
		{B26173AB-FF1A-4A9C-928C-BEEDFFD23873}.Debug|Any CPU.ActiveCfg = Debug|Any CPU
		{B26173AB-FF1A-4A9C-928C-BEEDFFD23873}.Debug|Any CPU.Build.0 = Debug|Any CPU
		{B26173AB-FF1A-4A9C-928C-BEEDFFD23873}.Release|Any CPU.ActiveCfg = Release|Any CPU
		{B26173AB-FF1A-4A9C-928C-BEEDFFD23873}.Release|Any CPU.Build.0 = Release|Any CPU
		{B26173AB-FF1A-4A9C-928C-BEEDFFD23873}.DebugWithGL|Any CPU.ActiveCfg = DebugWithGL|Any CPU
		{B26173AB-FF1A-4A9C-928C-BEEDFFD23873}.DebugWithGL|Any CPU.Build.0 = DebugWithGL|Any CPU
		{FA630295-D563-47E7-BCE3-2DE649714A95}.Release|Any CPU.ActiveCfg = Release|Any CPU
		{FA630295-D563-47E7-BCE3-2DE649714A95}.Release|Any CPU.Build.0 = Release|Any CPU
		{FA630295-D563-47E7-BCE3-2DE649714A95}.Debug|Any CPU.ActiveCfg = Debug|Any CPU
		{FA630295-D563-47E7-BCE3-2DE649714A95}.Debug|Any CPU.Build.0 = Debug|Any CPU
		{FA630295-D563-47E7-BCE3-2DE649714A95}.DebugWithGL|Any CPU.ActiveCfg = DebugWithGL|Any CPU
		{FA630295-D563-47E7-BCE3-2DE649714A95}.DebugWithGL|Any CPU.Build.0 = DebugWithGL|Any CPU
		{61E80C93-3ACB-4576-8B0C-F7FD016959C9}.Debug|Any CPU.ActiveCfg = Debug|Any CPU
		{61E80C93-3ACB-4576-8B0C-F7FD016959C9}.Debug|Any CPU.Build.0 = Debug|Any CPU
		{61E80C93-3ACB-4576-8B0C-F7FD016959C9}.Release|Any CPU.ActiveCfg = Release|Any CPU
		{61E80C93-3ACB-4576-8B0C-F7FD016959C9}.Release|Any CPU.Build.0 = Release|Any CPU
		{61E80C93-3ACB-4576-8B0C-F7FD016959C9}.DebugWithGL|Any CPU.ActiveCfg = Debug|Any CPU
		{61E80C93-3ACB-4576-8B0C-F7FD016959C9}.DebugWithGL|Any CPU.Build.0 = Debug|Any CPU
		{5B0FC76D-3E27-4699-B72A-B924F1E5345E}.Debug|Any CPU.ActiveCfg = Debug|Any CPU
		{5B0FC76D-3E27-4699-B72A-B924F1E5345E}.Debug|Any CPU.Build.0 = Debug|Any CPU
		{5B0FC76D-3E27-4699-B72A-B924F1E5345E}.Release|Any CPU.ActiveCfg = Release|Any CPU
		{5B0FC76D-3E27-4699-B72A-B924F1E5345E}.Release|Any CPU.Build.0 = Release|Any CPU
		{5B0FC76D-3E27-4699-B72A-B924F1E5345E}.DebugWithGL|Any CPU.ActiveCfg = Debug|Any CPU
		{5B0FC76D-3E27-4699-B72A-B924F1E5345E}.DebugWithGL|Any CPU.Build.0 = Debug|Any CPU
		{FF0CA7D5-5822-43EB-8B9D-4AD55C079C82}.Debug|Any CPU.ActiveCfg = Debug|Any CPU
		{FF0CA7D5-5822-43EB-8B9D-4AD55C079C82}.Debug|Any CPU.Build.0 = Debug|Any CPU
		{FF0CA7D5-5822-43EB-8B9D-4AD55C079C82}.Release|Any CPU.ActiveCfg = Release|Any CPU
		{FF0CA7D5-5822-43EB-8B9D-4AD55C079C82}.Release|Any CPU.Build.0 = Release|Any CPU
		{FF0CA7D5-5822-43EB-8B9D-4AD55C079C82}.DebugWithGL|Any CPU.ActiveCfg = Debug|Any CPU
		{FF0CA7D5-5822-43EB-8B9D-4AD55C079C82}.DebugWithGL|Any CPU.Build.0 = Debug|Any CPU
		{5E988E3F-8EF4-4D53-83B7-E055294FF042}.Debug|Any CPU.ActiveCfg = Debug|Any CPU
		{5E988E3F-8EF4-4D53-83B7-E055294FF042}.Debug|Any CPU.Build.0 = Debug|Any CPU
		{5E988E3F-8EF4-4D53-83B7-E055294FF042}.Release|Any CPU.ActiveCfg = Release|Any CPU
		{5E988E3F-8EF4-4D53-83B7-E055294FF042}.Release|Any CPU.Build.0 = Release|Any CPU
		{5E988E3F-8EF4-4D53-83B7-E055294FF042}.DebugWithGL|Any CPU.ActiveCfg = Debug|Any CPU
		{5E988E3F-8EF4-4D53-83B7-E055294FF042}.DebugWithGL|Any CPU.Build.0 = Debug|Any CPU
		{FE29BF6C-E9C4-4117-90BD-302D434B8DCF}.Debug|Any CPU.ActiveCfg = Debug|Any CPU
		{FE29BF6C-E9C4-4117-90BD-302D434B8DCF}.Debug|Any CPU.Build.0 = Debug|Any CPU
		{FE29BF6C-E9C4-4117-90BD-302D434B8DCF}.Release|Any CPU.ActiveCfg = Release|Any CPU
		{FE29BF6C-E9C4-4117-90BD-302D434B8DCF}.Release|Any CPU.Build.0 = Release|Any CPU
		{FE29BF6C-E9C4-4117-90BD-302D434B8DCF}.DebugWithGL|Any CPU.ActiveCfg = Debug|Any CPU
		{FE29BF6C-E9C4-4117-90BD-302D434B8DCF}.DebugWithGL|Any CPU.Build.0 = Debug|Any CPU
		{914277E3-BAF3-4EAA-9C6C-3F70D72FDE36}.Debug|Any CPU.ActiveCfg = Debug|Any CPU
		{914277E3-BAF3-4EAA-9C6C-3F70D72FDE36}.Debug|Any CPU.Build.0 = Debug|Any CPU
		{914277E3-BAF3-4EAA-9C6C-3F70D72FDE36}.Release|Any CPU.ActiveCfg = Release|Any CPU
		{914277E3-BAF3-4EAA-9C6C-3F70D72FDE36}.Release|Any CPU.Build.0 = Release|Any CPU
		{914277E3-BAF3-4EAA-9C6C-3F70D72FDE36}.DebugWithGL|Any CPU.ActiveCfg = Debug|Any CPU
		{914277E3-BAF3-4EAA-9C6C-3F70D72FDE36}.DebugWithGL|Any CPU.Build.0 = Debug|Any CPU
		{2B42F0AA-6FDA-4253-B57D-58E157C08485}.Debug|Any CPU.ActiveCfg = Debug|Any CPU
		{2B42F0AA-6FDA-4253-B57D-58E157C08485}.Debug|Any CPU.Build.0 = Debug|Any CPU
		{2B42F0AA-6FDA-4253-B57D-58E157C08485}.Release|Any CPU.ActiveCfg = Release|Any CPU
		{2B42F0AA-6FDA-4253-B57D-58E157C08485}.Release|Any CPU.Build.0 = Release|Any CPU
		{2B42F0AA-6FDA-4253-B57D-58E157C08485}.DebugWithGL|Any CPU.ActiveCfg = Debug|Any CPU
		{2B42F0AA-6FDA-4253-B57D-58E157C08485}.DebugWithGL|Any CPU.Build.0 = Debug|Any CPU
		{83595407-9751-4175-8AED-099362C5220A}.Debug|Any CPU.ActiveCfg = Debug|Any CPU
		{83595407-9751-4175-8AED-099362C5220A}.Debug|Any CPU.Build.0 = Debug|Any CPU
		{83595407-9751-4175-8AED-099362C5220A}.Release|Any CPU.ActiveCfg = Release|Any CPU
		{83595407-9751-4175-8AED-099362C5220A}.Release|Any CPU.Build.0 = Release|Any CPU
		{83595407-9751-4175-8AED-099362C5220A}.DebugWithGL|Any CPU.ActiveCfg = Debug|Any CPU
		{83595407-9751-4175-8AED-099362C5220A}.DebugWithGL|Any CPU.Build.0 = Debug|Any CPU
		{F2FEEDB6-901E-4623-AF93-6A74E1F95A86}.Debug|Any CPU.ActiveCfg = Debug|Any CPU
		{F2FEEDB6-901E-4623-AF93-6A74E1F95A86}.Debug|Any CPU.Build.0 = Debug|Any CPU
		{F2FEEDB6-901E-4623-AF93-6A74E1F95A86}.Release|Any CPU.ActiveCfg = Release|Any CPU
		{F2FEEDB6-901E-4623-AF93-6A74E1F95A86}.Release|Any CPU.Build.0 = Release|Any CPU
		{F2FEEDB6-901E-4623-AF93-6A74E1F95A86}.DebugWithGL|Any CPU.ActiveCfg = Debug|Any CPU
		{F2FEEDB6-901E-4623-AF93-6A74E1F95A86}.DebugWithGL|Any CPU.Build.0 = Debug|Any CPU
		{F5B8333B-11DB-43F4-8372-6599A53282F7}.Debug|Any CPU.ActiveCfg = Debug|Any CPU
		{F5B8333B-11DB-43F4-8372-6599A53282F7}.Debug|Any CPU.Build.0 = Debug|Any CPU
		{F5B8333B-11DB-43F4-8372-6599A53282F7}.Release|Any CPU.ActiveCfg = Release|Any CPU
		{F5B8333B-11DB-43F4-8372-6599A53282F7}.Release|Any CPU.Build.0 = Release|Any CPU
		{F5B8333B-11DB-43F4-8372-6599A53282F7}.DebugWithGL|Any CPU.ActiveCfg = Debug|Any CPU
		{F5B8333B-11DB-43F4-8372-6599A53282F7}.DebugWithGL|Any CPU.Build.0 = Debug|Any CPU
		{1173DA09-C512-4218-9B49-E390FD2769F9}.Debug|Any CPU.ActiveCfg = Debug|Any CPU
		{1173DA09-C512-4218-9B49-E390FD2769F9}.Debug|Any CPU.Build.0 = Debug|Any CPU
		{1173DA09-C512-4218-9B49-E390FD2769F9}.Release|Any CPU.ActiveCfg = Release|Any CPU
		{1173DA09-C512-4218-9B49-E390FD2769F9}.Release|Any CPU.Build.0 = Release|Any CPU
		{1173DA09-C512-4218-9B49-E390FD2769F9}.DebugWithGL|Any CPU.ActiveCfg = Debug|Any CPU
		{1173DA09-C512-4218-9B49-E390FD2769F9}.DebugWithGL|Any CPU.Build.0 = Debug|Any CPU
		{56031373-8A13-4462-8DD6-E74690A7AD3B}.Debug|Any CPU.ActiveCfg = Debug|Any CPU
		{56031373-8A13-4462-8DD6-E74690A7AD3B}.Debug|Any CPU.Build.0 = Debug|Any CPU
		{56031373-8A13-4462-8DD6-E74690A7AD3B}.Release|Any CPU.ActiveCfg = Release|Any CPU
		{56031373-8A13-4462-8DD6-E74690A7AD3B}.Release|Any CPU.Build.0 = Release|Any CPU
		{56031373-8A13-4462-8DD6-E74690A7AD3B}.DebugWithGL|Any CPU.ActiveCfg = Debug|Any CPU
		{56031373-8A13-4462-8DD6-E74690A7AD3B}.DebugWithGL|Any CPU.Build.0 = Debug|Any CPU
		{5CCAC91E-07A4-4A92-914C-D04EF3508974}.Debug|Any CPU.ActiveCfg = Debug|Any CPU
		{5CCAC91E-07A4-4A92-914C-D04EF3508974}.Debug|Any CPU.Build.0 = Debug|Any CPU
		{5CCAC91E-07A4-4A92-914C-D04EF3508974}.Release|Any CPU.ActiveCfg = Release|Any CPU
		{5CCAC91E-07A4-4A92-914C-D04EF3508974}.Release|Any CPU.Build.0 = Release|Any CPU
		{5CCAC91E-07A4-4A92-914C-D04EF3508974}.DebugWithGL|Any CPU.ActiveCfg = Debug|Any CPU
		{5CCAC91E-07A4-4A92-914C-D04EF3508974}.DebugWithGL|Any CPU.Build.0 = Debug|Any CPU
	EndGlobalSection
	GlobalSection(NestedProjects) = preSolution
		{61E80C93-3ACB-4576-8B0C-F7FD016959C9} = {50CF14F8-1B19-4836-8967-CDC52EC11CE3}
		{5B0FC76D-3E27-4699-B72A-B924F1E5345E} = {50CF14F8-1B19-4836-8967-CDC52EC11CE3}
		{5E988E3F-8EF4-4D53-83B7-E055294FF042} = {50CF14F8-1B19-4836-8967-CDC52EC11CE3}
		{2B42F0AA-6FDA-4253-B57D-58E157C08485} = {50CF14F8-1B19-4836-8967-CDC52EC11CE3}
		{F2FEEDB6-901E-4623-AF93-6A74E1F95A86} = {50CF14F8-1B19-4836-8967-CDC52EC11CE3}
		{F5B8333B-11DB-43F4-8372-6599A53282F7} = {50CF14F8-1B19-4836-8967-CDC52EC11CE3}
		{56031373-8A13-4462-8DD6-E74690A7AD3B} = {42DA04B0-54A0-47AB-97FF-F525749CBC8D}
		{5CCAC91E-07A4-4A92-914C-D04EF3508974} = {50CF14F8-1B19-4836-8967-CDC52EC11CE3}
	EndGlobalSection
EndGlobal
