
Microsoft Visual Studio Solution File, Format Version 12.00
Project("{FAE04EC0-301F-11D3-BF4B-00C04F79EFBC}") = "Furball.Vixie", "Furball.Vixie\Furball.Vixie.csproj", "{B26173AB-FF1A-4A9C-928C-BEEDFFD23873}"
EndProject
Project("{FAE04EC0-301F-11D3-BF4B-00C04F79EFBC}") = "Furball.Vixie.TestApplication", "Furball.Vixie.TestApplication\Furball.Vixie.TestApplication.csproj", "{FA630295-D563-47E7-BCE3-2DE649714A95}"
EndProject
Project("{2150E333-8FDC-42A3-9474-1A3956D46DE8}") = "Backends", "Backends", "{50CF14F8-1B19-4836-8967-CDC52EC11CE3}"
EndProject
Project("{FAE04EC0-301F-11D3-BF4B-00C04F79EFBC}") = "Furball.Vixie.Backends.OpenGL.Shared", "Furball.Vixie.Backends.OpenGL.Shared\Furball.Vixie.Backends.OpenGL.Shared.csproj", "{275C3E14-BD80-4287-A9CD-D4F1084162DA}"
EndProject
Project("{FAE04EC0-301F-11D3-BF4B-00C04F79EFBC}") = "Furball.Vixie.Backends.OpenGL41", "Furball.Vixie.Backends.OpenGL41\Furball.Vixie.Backends.OpenGL41.csproj", "{746A6578-7F6A-462E-AF39-027E30740CF4}"
EndProject
Project("{FAE04EC0-301F-11D3-BF4B-00C04F79EFBC}") = "Furball.Vixie.Backends.OpenGLES", "Furball.Vixie.Backends.OpenGLES\Furball.Vixie.Backends.OpenGLES.csproj", "{0461502B-F1C3-4742-8EAB-B431968EAF0A}"
EndProject
Project("{FAE04EC0-301F-11D3-BF4B-00C04F79EFBC}") = "Furball.Vixie.Backends.OpenGL20", "Furball.Vixie.Backends.OpenGL20\Furball.Vixie.Backends.OpenGL20.csproj", "{74D7F20D-C8F0-4BB4-99E6-1C25917BA9D8}"
EndProject
Project("{FAE04EC0-301F-11D3-BF4B-00C04F79EFBC}") = "Furball.Vixie.Backends.Direct3D11", "Furball.Vixie.Backends.Direct3D11\Furball.Vixie.Backends.Direct3D11.csproj", "{61E80C93-3ACB-4576-8B0C-F7FD016959C9}"
EndProject
Project("{FAE04EC0-301F-11D3-BF4B-00C04F79EFBC}") = "Furball.Vixie.Backends.Veldrid", "Furball.Vixie.Backends.Veldrid\Furball.Vixie.Backends.Veldrid.csproj", "{5B0FC76D-3E27-4699-B72A-B924F1E5345E}"
EndProject
Project("{FAE04EC0-301F-11D3-BF4B-00C04F79EFBC}") = "Furball.Vixie.Helpers", "Furball.Vixie.Helpers\Furball.Vixie.Helpers.csproj", "{FF0CA7D5-5822-43EB-8B9D-4AD55C079C82}"
EndProject
Project("{FAE04EC0-301F-11D3-BF4B-00C04F79EFBC}") = "Furball.Vixie.Backends.Shared", "Furball.Vixie.Backends.Shared\Furball.Vixie.Backends.Shared.csproj", "{5E988E3F-8EF4-4D53-83B7-E055294FF042}"
EndProject
Project("{FAE04EC0-301F-11D3-BF4B-00C04F79EFBC}") = "Furball.Vixie.OpenGLDetector", "Furball.Vixie.OpenGLDetector\Furball.Vixie.OpenGLDetector.csproj", "{FE29BF6C-E9C4-4117-90BD-302D434B8DCF}"
EndProject
Project("{FAE04EC0-301F-11D3-BF4B-00C04F79EFBC}") = "Furball.Vixie.OpenGLDetector.Test", "Furball.Vixie.OpenGLDetector.Test\Furball.Vixie.OpenGLDetector.Test.csproj", "{914277E3-BAF3-4EAA-9C6C-3F70D72FDE36}"
EndProject
Project("{FAE04EC0-301F-11D3-BF4B-00C04F79EFBC}") = "Furball.Vixie.Backends.Vulkan", "Furball.Vixie.Backends.Vulkan\Furball.Vixie.Backends.Vulkan.csproj", "{2B42F0AA-6FDA-4253-B57D-58E157C08485}"
EndProject
Project("{FAE04EC0-301F-11D3-BF4B-00C04F79EFBC}") = "Furball.Vixie.TestApplication.Desktop", "Furball.Vixie.TestApplication.Desktop\Furball.Vixie.TestApplication.Desktop.csproj", "{83595407-9751-4175-8AED-099362C5220A}"
EndProject
Global
	GlobalSection(SolutionConfigurationPlatforms) = preSolution
		Debug|Any CPU = Debug|Any CPU
		Release|Any CPU = Release|Any CPU
		DebugWithGL|Any CPU = DebugWithGL|Any CPU
	EndGlobalSection
	GlobalSection(ProjectConfigurationPlatforms) = postSolution
		{B26173AB-FF1A-4A9C-928C-BEEDFFD23873}.Debug|Any CPU.ActiveCfg = Debug|Any CPU
		{B26173AB-FF1A-4A9C-928C-BEEDFFD23873}.Debug|Any CPU.Build.0 = Debug|Any CPU
		{B26173AB-FF1A-4A9C-928C-BEEDFFD23873}.Release|Any CPU.ActiveCfg = Release|Any CPU
		{B26173AB-FF1A-4A9C-928C-BEEDFFD23873}.Release|Any CPU.Build.0 = Release|Any CPU
		{B26173AB-FF1A-4A9C-928C-BEEDFFD23873}.DebugWithGL|Any CPU.ActiveCfg = DebugWithGL|Any CPU
		{B26173AB-FF1A-4A9C-928C-BEEDFFD23873}.DebugWithGL|Any CPU.Build.0 = DebugWithGL|Any CPU
		{FA630295-D563-47E7-BCE3-2DE649714A95}.Release|Any CPU.ActiveCfg = Release|Any CPU
		{FA630295-D563-47E7-BCE3-2DE649714A95}.Release|Any CPU.Build.0 = Release|Any CPU
		{FA630295-D563-47E7-BCE3-2DE649714A95}.Debug|Any CPU.ActiveCfg = Debug|Any CPU
		{FA630295-D563-47E7-BCE3-2DE649714A95}.Debug|Any CPU.Build.0 = Debug|Any CPU
		{FA630295-D563-47E7-BCE3-2DE649714A95}.DebugWithGL|Any CPU.ActiveCfg = DebugWithGL|Any CPU
		{FA630295-D563-47E7-BCE3-2DE649714A95}.DebugWithGL|Any CPU.Build.0 = DebugWithGL|Any CPU
		{275C3E14-BD80-4287-A9CD-D4F1084162DA}.Debug|Any CPU.ActiveCfg = Debug|Any CPU
		{275C3E14-BD80-4287-A9CD-D4F1084162DA}.Debug|Any CPU.Build.0 = Debug|Any CPU
		{275C3E14-BD80-4287-A9CD-D4F1084162DA}.Release|Any CPU.ActiveCfg = Release|Any CPU
		{275C3E14-BD80-4287-A9CD-D4F1084162DA}.Release|Any CPU.Build.0 = Release|Any CPU
		{275C3E14-BD80-4287-A9CD-D4F1084162DA}.DebugWithGL|Any CPU.ActiveCfg = Debug|Any CPU
		{275C3E14-BD80-4287-A9CD-D4F1084162DA}.DebugWithGL|Any CPU.Build.0 = Debug|Any CPU
		{746A6578-7F6A-462E-AF39-027E30740CF4}.Debug|Any CPU.ActiveCfg = Debug|Any CPU
		{746A6578-7F6A-462E-AF39-027E30740CF4}.Debug|Any CPU.Build.0 = Debug|Any CPU
		{746A6578-7F6A-462E-AF39-027E30740CF4}.Release|Any CPU.ActiveCfg = Release|Any CPU
		{746A6578-7F6A-462E-AF39-027E30740CF4}.Release|Any CPU.Build.0 = Release|Any CPU
		{746A6578-7F6A-462E-AF39-027E30740CF4}.DebugWithGL|Any CPU.ActiveCfg = Debug|Any CPU
		{746A6578-7F6A-462E-AF39-027E30740CF4}.DebugWithGL|Any CPU.Build.0 = Debug|Any CPU
		{0461502B-F1C3-4742-8EAB-B431968EAF0A}.Debug|Any CPU.ActiveCfg = Debug|Any CPU
		{0461502B-F1C3-4742-8EAB-B431968EAF0A}.Debug|Any CPU.Build.0 = Debug|Any CPU
		{0461502B-F1C3-4742-8EAB-B431968EAF0A}.Release|Any CPU.ActiveCfg = Release|Any CPU
		{0461502B-F1C3-4742-8EAB-B431968EAF0A}.Release|Any CPU.Build.0 = Release|Any CPU
		{0461502B-F1C3-4742-8EAB-B431968EAF0A}.DebugWithGL|Any CPU.ActiveCfg = Debug|Any CPU
		{0461502B-F1C3-4742-8EAB-B431968EAF0A}.DebugWithGL|Any CPU.Build.0 = Debug|Any CPU
		{74D7F20D-C8F0-4BB4-99E6-1C25917BA9D8}.Debug|Any CPU.ActiveCfg = Debug|Any CPU
		{74D7F20D-C8F0-4BB4-99E6-1C25917BA9D8}.Debug|Any CPU.Build.0 = Debug|Any CPU
		{74D7F20D-C8F0-4BB4-99E6-1C25917BA9D8}.Release|Any CPU.ActiveCfg = Release|Any CPU
		{74D7F20D-C8F0-4BB4-99E6-1C25917BA9D8}.Release|Any CPU.Build.0 = Release|Any CPU
		{74D7F20D-C8F0-4BB4-99E6-1C25917BA9D8}.DebugWithGL|Any CPU.ActiveCfg = Debug|Any CPU
		{74D7F20D-C8F0-4BB4-99E6-1C25917BA9D8}.DebugWithGL|Any CPU.Build.0 = Debug|Any CPU
		{61E80C93-3ACB-4576-8B0C-F7FD016959C9}.Debug|Any CPU.ActiveCfg = Debug|Any CPU
		{61E80C93-3ACB-4576-8B0C-F7FD016959C9}.Debug|Any CPU.Build.0 = Debug|Any CPU
		{61E80C93-3ACB-4576-8B0C-F7FD016959C9}.Release|Any CPU.ActiveCfg = Release|Any CPU
		{61E80C93-3ACB-4576-8B0C-F7FD016959C9}.Release|Any CPU.Build.0 = Release|Any CPU
		{61E80C93-3ACB-4576-8B0C-F7FD016959C9}.DebugWithGL|Any CPU.ActiveCfg = Debug|Any CPU
		{61E80C93-3ACB-4576-8B0C-F7FD016959C9}.DebugWithGL|Any CPU.Build.0 = Debug|Any CPU
		{5B0FC76D-3E27-4699-B72A-B924F1E5345E}.Debug|Any CPU.ActiveCfg = Debug|Any CPU
		{5B0FC76D-3E27-4699-B72A-B924F1E5345E}.Debug|Any CPU.Build.0 = Debug|Any CPU
		{5B0FC76D-3E27-4699-B72A-B924F1E5345E}.Release|Any CPU.ActiveCfg = Release|Any CPU
		{5B0FC76D-3E27-4699-B72A-B924F1E5345E}.Release|Any CPU.Build.0 = Release|Any CPU
		{5B0FC76D-3E27-4699-B72A-B924F1E5345E}.DebugWithGL|Any CPU.ActiveCfg = Debug|Any CPU
		{5B0FC76D-3E27-4699-B72A-B924F1E5345E}.DebugWithGL|Any CPU.Build.0 = Debug|Any CPU
		{FF0CA7D5-5822-43EB-8B9D-4AD55C079C82}.Debug|Any CPU.ActiveCfg = Debug|Any CPU
		{FF0CA7D5-5822-43EB-8B9D-4AD55C079C82}.Debug|Any CPU.Build.0 = Debug|Any CPU
		{FF0CA7D5-5822-43EB-8B9D-4AD55C079C82}.Release|Any CPU.ActiveCfg = Release|Any CPU
		{FF0CA7D5-5822-43EB-8B9D-4AD55C079C82}.Release|Any CPU.Build.0 = Release|Any CPU
		{FF0CA7D5-5822-43EB-8B9D-4AD55C079C82}.DebugWithGL|Any CPU.ActiveCfg = Debug|Any CPU
		{FF0CA7D5-5822-43EB-8B9D-4AD55C079C82}.DebugWithGL|Any CPU.Build.0 = Debug|Any CPU
		{5E988E3F-8EF4-4D53-83B7-E055294FF042}.Debug|Any CPU.ActiveCfg = Debug|Any CPU
		{5E988E3F-8EF4-4D53-83B7-E055294FF042}.Debug|Any CPU.Build.0 = Debug|Any CPU
		{5E988E3F-8EF4-4D53-83B7-E055294FF042}.Release|Any CPU.ActiveCfg = Release|Any CPU
		{5E988E3F-8EF4-4D53-83B7-E055294FF042}.Release|Any CPU.Build.0 = Release|Any CPU
		{5E988E3F-8EF4-4D53-83B7-E055294FF042}.DebugWithGL|Any CPU.ActiveCfg = Debug|Any CPU
		{5E988E3F-8EF4-4D53-83B7-E055294FF042}.DebugWithGL|Any CPU.Build.0 = Debug|Any CPU
		{FE29BF6C-E9C4-4117-90BD-302D434B8DCF}.Debug|Any CPU.ActiveCfg = Debug|Any CPU
		{FE29BF6C-E9C4-4117-90BD-302D434B8DCF}.Debug|Any CPU.Build.0 = Debug|Any CPU
		{FE29BF6C-E9C4-4117-90BD-302D434B8DCF}.Release|Any CPU.ActiveCfg = Release|Any CPU
		{FE29BF6C-E9C4-4117-90BD-302D434B8DCF}.Release|Any CPU.Build.0 = Release|Any CPU
		{FE29BF6C-E9C4-4117-90BD-302D434B8DCF}.DebugWithGL|Any CPU.ActiveCfg = Debug|Any CPU
		{FE29BF6C-E9C4-4117-90BD-302D434B8DCF}.DebugWithGL|Any CPU.Build.0 = Debug|Any CPU
		{914277E3-BAF3-4EAA-9C6C-3F70D72FDE36}.Debug|Any CPU.ActiveCfg = Debug|Any CPU
		{914277E3-BAF3-4EAA-9C6C-3F70D72FDE36}.Debug|Any CPU.Build.0 = Debug|Any CPU
		{914277E3-BAF3-4EAA-9C6C-3F70D72FDE36}.Release|Any CPU.ActiveCfg = Release|Any CPU
		{914277E3-BAF3-4EAA-9C6C-3F70D72FDE36}.Release|Any CPU.Build.0 = Release|Any CPU
		{914277E3-BAF3-4EAA-9C6C-3F70D72FDE36}.DebugWithGL|Any CPU.ActiveCfg = Debug|Any CPU
		{914277E3-BAF3-4EAA-9C6C-3F70D72FDE36}.DebugWithGL|Any CPU.Build.0 = Debug|Any CPU
		{2B42F0AA-6FDA-4253-B57D-58E157C08485}.Debug|Any CPU.ActiveCfg = Debug|Any CPU
		{2B42F0AA-6FDA-4253-B57D-58E157C08485}.Debug|Any CPU.Build.0 = Debug|Any CPU
		{2B42F0AA-6FDA-4253-B57D-58E157C08485}.Release|Any CPU.ActiveCfg = Release|Any CPU
		{2B42F0AA-6FDA-4253-B57D-58E157C08485}.Release|Any CPU.Build.0 = Release|Any CPU
		{2B42F0AA-6FDA-4253-B57D-58E157C08485}.DebugWithGL|Any CPU.ActiveCfg = Debug|Any CPU
		{2B42F0AA-6FDA-4253-B57D-58E157C08485}.DebugWithGL|Any CPU.Build.0 = Debug|Any CPU
		{83595407-9751-4175-8AED-099362C5220A}.Debug|Any CPU.ActiveCfg = Debug|Any CPU
		{83595407-9751-4175-8AED-099362C5220A}.Debug|Any CPU.Build.0 = Debug|Any CPU
		{83595407-9751-4175-8AED-099362C5220A}.Release|Any CPU.ActiveCfg = Release|Any CPU
		{83595407-9751-4175-8AED-099362C5220A}.Release|Any CPU.Build.0 = Release|Any CPU
		{83595407-9751-4175-8AED-099362C5220A}.DebugWithGL|Any CPU.ActiveCfg = Debug|Any CPU
		{83595407-9751-4175-8AED-099362C5220A}.DebugWithGL|Any CPU.Build.0 = Debug|Any CPU
	EndGlobalSection
	GlobalSection(NestedProjects) = preSolution
		{275C3E14-BD80-4287-A9CD-D4F1084162DA} = {50CF14F8-1B19-4836-8967-CDC52EC11CE3}
		{746A6578-7F6A-462E-AF39-027E30740CF4} = {50CF14F8-1B19-4836-8967-CDC52EC11CE3}
		{0461502B-F1C3-4742-8EAB-B431968EAF0A} = {50CF14F8-1B19-4836-8967-CDC52EC11CE3}
		{74D7F20D-C8F0-4BB4-99E6-1C25917BA9D8} = {50CF14F8-1B19-4836-8967-CDC52EC11CE3}
		{61E80C93-3ACB-4576-8B0C-F7FD016959C9} = {50CF14F8-1B19-4836-8967-CDC52EC11CE3}
		{5B0FC76D-3E27-4699-B72A-B924F1E5345E} = {50CF14F8-1B19-4836-8967-CDC52EC11CE3}
		{5E988E3F-8EF4-4D53-83B7-E055294FF042} = {50CF14F8-1B19-4836-8967-CDC52EC11CE3}
		{2B42F0AA-6FDA-4253-B57D-58E157C08485} = {50CF14F8-1B19-4836-8967-CDC52EC11CE3}
	EndGlobalSection
EndGlobal
